// !$*UTF8*$!
{
	archiveVersion = 1;
	classes = {
	};
	objectVersion = 50;
	objects = {

/* Begin PBXBuildFile section */
		5820E4D326AD585E00386343 /* AppDelegate.swift in Sources */ = {isa = PBXBuildFile; fileRef = 5820E4D226AD585E00386343 /* AppDelegate.swift */; };
		5820E4D526AD585E00386343 /* SceneDelegate.swift in Sources */ = {isa = PBXBuildFile; fileRef = 5820E4D426AD585E00386343 /* SceneDelegate.swift */; };
		5820E4D726AD585E00386343 /* ViewController.swift in Sources */ = {isa = PBXBuildFile; fileRef = 5820E4D626AD585E00386343 /* ViewController.swift */; };
		5820E4DA26AD585E00386343 /* Main.storyboard in Resources */ = {isa = PBXBuildFile; fileRef = 5820E4D826AD585E00386343 /* Main.storyboard */; };
		5820E4DC26AD585F00386343 /* Assets.xcassets in Resources */ = {isa = PBXBuildFile; fileRef = 5820E4DB26AD585F00386343 /* Assets.xcassets */; };
		5820E4DF26AD585F00386343 /* LaunchScreen.storyboard in Resources */ = {isa = PBXBuildFile; fileRef = 5820E4DD26AD585F00386343 /* LaunchScreen.storyboard */; };
		5820E4EA26AD585F00386343 /* RandomPhotoTests.swift in Sources */ = {isa = PBXBuildFile; fileRef = 5820E4E926AD585F00386343 /* RandomPhotoTests.swift */; };
		5820E4F526AD585F00386343 /* RandomPhotoUITests.swift in Sources */ = {isa = PBXBuildFile; fileRef = 5820E4F426AD585F00386343 /* RandomPhotoUITests.swift */; };
/* End PBXBuildFile section */

/* Begin PBXContainerItemProxy section */
		5820E4E626AD585F00386343 /* PBXContainerItemProxy */ = {
			isa = PBXContainerItemProxy;
			containerPortal = 5820E4C726AD585E00386343 /* Project object */;
			proxyType = 1;
			remoteGlobalIDString = 5820E4CE26AD585E00386343;
			remoteInfo = RandomPhoto;
		};
		5820E4F126AD585F00386343 /* PBXContainerItemProxy */ = {
			isa = PBXContainerItemProxy;
			containerPortal = 5820E4C726AD585E00386343 /* Project object */;
			proxyType = 1;
			remoteGlobalIDString = 5820E4CE26AD585E00386343;
			remoteInfo = RandomPhoto;
		};
/* End PBXContainerItemProxy section */

/* Begin PBXFileReference section */
		5820E4CF26AD585E00386343 /* RandomPhoto.app */ = {isa = PBXFileReference; explicitFileType = wrapper.application; includeInIndex = 0; path = RandomPhoto.app; sourceTree = BUILT_PRODUCTS_DIR; };
		5820E4D226AD585E00386343 /* AppDelegate.swift */ = {isa = PBXFileReference; lastKnownFileType = sourcecode.swift; path = AppDelegate.swift; sourceTree = "<group>"; };
		5820E4D426AD585E00386343 /* SceneDelegate.swift */ = {isa = PBXFileReference; lastKnownFileType = sourcecode.swift; path = SceneDelegate.swift; sourceTree = "<group>"; };
		5820E4D626AD585E00386343 /* ViewController.swift */ = {isa = PBXFileReference; lastKnownFileType = sourcecode.swift; path = ViewController.swift; sourceTree = "<group>"; };
		5820E4D926AD585E00386343 /* Base */ = {isa = PBXFileReference; lastKnownFileType = file.storyboard; name = Base; path = Base.lproj/Main.storyboard; sourceTree = "<group>"; };
		5820E4DB26AD585F00386343 /* Assets.xcassets */ = {isa = PBXFileReference; lastKnownFileType = folder.assetcatalog; path = Assets.xcassets; sourceTree = "<group>"; };
		5820E4DE26AD585F00386343 /* Base */ = {isa = PBXFileReference; lastKnownFileType = file.storyboard; name = Base; path = Base.lproj/LaunchScreen.storyboard; sourceTree = "<group>"; };
		5820E4E026AD585F00386343 /* Info.plist */ = {isa = PBXFileReference; lastKnownFileType = text.plist.xml; path = Info.plist; sourceTree = "<group>"; };
		5820E4E526AD585F00386343 /* RandomPhotoTests.xctest */ = {isa = PBXFileReference; explicitFileType = wrapper.cfbundle; includeInIndex = 0; path = RandomPhotoTests.xctest; sourceTree = BUILT_PRODUCTS_DIR; };
		5820E4E926AD585F00386343 /* RandomPhotoTests.swift */ = {isa = PBXFileReference; lastKnownFileType = sourcecode.swift; path = RandomPhotoTests.swift; sourceTree = "<group>"; };
		5820E4EB26AD585F00386343 /* Info.plist */ = {isa = PBXFileReference; lastKnownFileType = text.plist.xml; path = Info.plist; sourceTree = "<group>"; };
		5820E4F026AD585F00386343 /* RandomPhotoUITests.xctest */ = {isa = PBXFileReference; explicitFileType = wrapper.cfbundle; includeInIndex = 0; path = RandomPhotoUITests.xctest; sourceTree = BUILT_PRODUCTS_DIR; };
		5820E4F426AD585F00386343 /* RandomPhotoUITests.swift */ = {isa = PBXFileReference; lastKnownFileType = sourcecode.swift; path = RandomPhotoUITests.swift; sourceTree = "<group>"; };
		5820E4F626AD585F00386343 /* Info.plist */ = {isa = PBXFileReference; lastKnownFileType = text.plist.xml; path = Info.plist; sourceTree = "<group>"; };
/* End PBXFileReference section */

/* Begin PBXFrameworksBuildPhase section */
		5820E4CC26AD585E00386343 /* Frameworks */ = {
			isa = PBXFrameworksBuildPhase;
			buildActionMask = 2147483647;
			files = (
			);
			runOnlyForDeploymentPostprocessing = 0;
		};
		5820E4E226AD585F00386343 /* Frameworks */ = {
			isa = PBXFrameworksBuildPhase;
			buildActionMask = 2147483647;
			files = (
			);
			runOnlyForDeploymentPostprocessing = 0;
		};
		5820E4ED26AD585F00386343 /* Frameworks */ = {
			isa = PBXFrameworksBuildPhase;
			buildActionMask = 2147483647;
			files = (
			);
			runOnlyForDeploymentPostprocessing = 0;
		};
/* End PBXFrameworksBuildPhase section */

/* Begin PBXGroup section */
		5820E4C626AD585E00386343 = {
			isa = PBXGroup;
			children = (
				5820E4D126AD585E00386343 /* RandomPhoto */,
				5820E4E826AD585F00386343 /* RandomPhotoTests */,
				5820E4F326AD585F00386343 /* RandomPhotoUITests */,
				5820E4D026AD585E00386343 /* Products */,
			);
			sourceTree = "<group>";
		};
		5820E4D026AD585E00386343 /* Products */ = {
			isa = PBXGroup;
			children = (
				5820E4CF26AD585E00386343 /* RandomPhoto.app */,
				5820E4E526AD585F00386343 /* RandomPhotoTests.xctest */,
				5820E4F026AD585F00386343 /* RandomPhotoUITests.xctest */,
			);
			name = Products;
			sourceTree = "<group>";
		};
		5820E4D126AD585E00386343 /* RandomPhoto */ = {
			isa = PBXGroup;
			children = (
				5820E4D226AD585E00386343 /* AppDelegate.swift */,
				5820E4D426AD585E00386343 /* SceneDelegate.swift */,
				5820E4D626AD585E00386343 /* ViewController.swift */,
				5820E4D826AD585E00386343 /* Main.storyboard */,
				5820E4DB26AD585F00386343 /* Assets.xcassets */,
				5820E4DD26AD585F00386343 /* LaunchScreen.storyboard */,
				5820E4E026AD585F00386343 /* Info.plist */,
			);
			path = RandomPhoto;
			sourceTree = "<group>";
		};
		5820E4E826AD585F00386343 /* RandomPhotoTests */ = {
			isa = PBXGroup;
			children = (
				5820E4E926AD585F00386343 /* RandomPhotoTests.swift */,
				5820E4EB26AD585F00386343 /* Info.plist */,
			);
			path = RandomPhotoTests;
			sourceTree = "<group>";
		};
		5820E4F326AD585F00386343 /* RandomPhotoUITests */ = {
			isa = PBXGroup;
			children = (
				5820E4F426AD585F00386343 /* RandomPhotoUITests.swift */,
				5820E4F626AD585F00386343 /* Info.plist */,
			);
			path = RandomPhotoUITests;
			sourceTree = "<group>";
		};
/* End PBXGroup section */

/* Begin PBXNativeTarget section */
		5820E4CE26AD585E00386343 /* RandomPhoto */ = {
			isa = PBXNativeTarget;
			buildConfigurationList = 5820E4F926AD585F00386343 /* Build configuration list for PBXNativeTarget "RandomPhoto" */;
			buildPhases = (
				5820E4CB26AD585E00386343 /* Sources */,
				5820E4CC26AD585E00386343 /* Frameworks */,
				5820E4CD26AD585E00386343 /* Resources */,
			);
			buildRules = (
			);
			dependencies = (
			);
			name = RandomPhoto;
			productName = RandomPhoto;
			productReference = 5820E4CF26AD585E00386343 /* RandomPhoto.app */;
			productType = "com.apple.product-type.application";
		};
		5820E4E426AD585F00386343 /* RandomPhotoTests */ = {
			isa = PBXNativeTarget;
			buildConfigurationList = 5820E4FC26AD585F00386343 /* Build configuration list for PBXNativeTarget "RandomPhotoTests" */;
			buildPhases = (
				5820E4E126AD585F00386343 /* Sources */,
				5820E4E226AD585F00386343 /* Frameworks */,
				5820E4E326AD585F00386343 /* Resources */,
			);
			buildRules = (
			);
			dependencies = (
				5820E4E726AD585F00386343 /* PBXTargetDependency */,
			);
			name = RandomPhotoTests;
			productName = RandomPhotoTests;
			productReference = 5820E4E526AD585F00386343 /* RandomPhotoTests.xctest */;
			productType = "com.apple.product-type.bundle.unit-test";
		};
		5820E4EF26AD585F00386343 /* RandomPhotoUITests */ = {
			isa = PBXNativeTarget;
			buildConfigurationList = 5820E4FF26AD585F00386343 /* Build configuration list for PBXNativeTarget "RandomPhotoUITests" */;
			buildPhases = (
				5820E4EC26AD585F00386343 /* Sources */,
				5820E4ED26AD585F00386343 /* Frameworks */,
				5820E4EE26AD585F00386343 /* Resources */,
			);
			buildRules = (
			);
			dependencies = (
				5820E4F226AD585F00386343 /* PBXTargetDependency */,
			);
			name = RandomPhotoUITests;
			productName = RandomPhotoUITests;
			productReference = 5820E4F026AD585F00386343 /* RandomPhotoUITests.xctest */;
			productType = "com.apple.product-type.bundle.ui-testing";
		};
/* End PBXNativeTarget section */

/* Begin PBXProject section */
		5820E4C726AD585E00386343 /* Project object */ = {
			isa = PBXProject;
			attributes = {
				LastSwiftUpdateCheck = 1250;
				LastUpgradeCheck = 1250;
				TargetAttributes = {
					5820E4CE26AD585E00386343 = {
						CreatedOnToolsVersion = 12.5.1;
					};
					5820E4E426AD585F00386343 = {
						CreatedOnToolsVersion = 12.5.1;
						TestTargetID = 5820E4CE26AD585E00386343;
					};
					5820E4EF26AD585F00386343 = {
						CreatedOnToolsVersion = 12.5.1;
						TestTargetID = 5820E4CE26AD585E00386343;
					};
				};
			};
			buildConfigurationList = 5820E4CA26AD585E00386343 /* Build configuration list for PBXProject "RandomPhoto" */;
			compatibilityVersion = "Xcode 9.3";
			developmentRegion = en;
			hasScannedForEncodings = 0;
			knownRegions = (
				en,
				Base,
			);
			mainGroup = 5820E4C626AD585E00386343;
			productRefGroup = 5820E4D026AD585E00386343 /* Products */;
			projectDirPath = "";
			projectRoot = "";
			targets = (
				5820E4CE26AD585E00386343 /* RandomPhoto */,
				5820E4E426AD585F00386343 /* RandomPhotoTests */,
				5820E4EF26AD585F00386343 /* RandomPhotoUITests */,
			);
		};
/* End PBXProject section */

/* Begin PBXResourcesBuildPhase section */
		5820E4CD26AD585E00386343 /* Resources */ = {
			isa = PBXResourcesBuildPhase;
			buildActionMask = 2147483647;
			files = (
				5820E4DF26AD585F00386343 /* LaunchScreen.storyboard in Resources */,
				5820E4DC26AD585F00386343 /* Assets.xcassets in Resources */,
				5820E4DA26AD585E00386343 /* Main.storyboard in Resources */,
			);
			runOnlyForDeploymentPostprocessing = 0;
		};
		5820E4E326AD585F00386343 /* Resources */ = {
			isa = PBXResourcesBuildPhase;
			buildActionMask = 2147483647;
			files = (
			);
			runOnlyForDeploymentPostprocessing = 0;
		};
		5820E4EE26AD585F00386343 /* Resources */ = {
			isa = PBXResourcesBuildPhase;
			buildActionMask = 2147483647;
			files = (
			);
			runOnlyForDeploymentPostprocessing = 0;
		};
/* End PBXResourcesBuildPhase section */

/* Begin PBXSourcesBuildPhase section */
		5820E4CB26AD585E00386343 /* Sources */ = {
			isa = PBXSourcesBuildPhase;
			buildActionMask = 2147483647;
			files = (
				5820E4D726AD585E00386343 /* ViewController.swift in Sources */,
				5820E4D326AD585E00386343 /* AppDelegate.swift in Sources */,
				5820E4D526AD585E00386343 /* SceneDelegate.swift in Sources */,
			);
			runOnlyForDeploymentPostprocessing = 0;
		};
		5820E4E126AD585F00386343 /* Sources */ = {
			isa = PBXSourcesBuildPhase;
			buildActionMask = 2147483647;
			files = (
				5820E4EA26AD585F00386343 /* RandomPhotoTests.swift in Sources */,
			);
			runOnlyForDeploymentPostprocessing = 0;
		};
		5820E4EC26AD585F00386343 /* Sources */ = {
			isa = PBXSourcesBuildPhase;
			buildActionMask = 2147483647;
			files = (
				5820E4F526AD585F00386343 /* RandomPhotoUITests.swift in Sources */,
			);
			runOnlyForDeploymentPostprocessing = 0;
		};
/* End PBXSourcesBuildPhase section */

/* Begin PBXTargetDependency section */
		5820E4E726AD585F00386343 /* PBXTargetDependency */ = {
			isa = PBXTargetDependency;
			target = 5820E4CE26AD585E00386343 /* RandomPhoto */;
			targetProxy = 5820E4E626AD585F00386343 /* PBXContainerItemProxy */;
		};
		5820E4F226AD585F00386343 /* PBXTargetDependency */ = {
			isa = PBXTargetDependency;
			target = 5820E4CE26AD585E00386343 /* RandomPhoto */;
			targetProxy = 5820E4F126AD585F00386343 /* PBXContainerItemProxy */;
		};
/* End PBXTargetDependency section */

/* Begin PBXVariantGroup section */
		5820E4D826AD585E00386343 /* Main.storyboard */ = {
			isa = PBXVariantGroup;
			children = (
				5820E4D926AD585E00386343 /* Base */,
			);
			name = Main.storyboard;
			sourceTree = "<group>";
		};
		5820E4DD26AD585F00386343 /* LaunchScreen.storyboard */ = {
			isa = PBXVariantGroup;
			children = (
				5820E4DE26AD585F00386343 /* Base */,
			);
			name = LaunchScreen.storyboard;
			sourceTree = "<group>";
		};
/* End PBXVariantGroup section */

/* Begin XCBuildConfiguration section */
		5820E4F726AD585F00386343 /* Debug */ = {
			isa = XCBuildConfiguration;
			buildSettings = {
				ALWAYS_SEARCH_USER_PATHS = NO;
				CLANG_ANALYZER_NONNULL = YES;
				CLANG_ANALYZER_NUMBER_OBJECT_CONVERSION = YES_AGGRESSIVE;
				CLANG_CXX_LANGUAGE_STANDARD = "gnu++14";
				CLANG_CXX_LIBRARY = "libc++";
				CLANG_ENABLE_MODULES = YES;
				CLANG_ENABLE_OBJC_ARC = YES;
				CLANG_ENABLE_OBJC_WEAK = YES;
				CLANG_WARN_BLOCK_CAPTURE_AUTORELEASING = YES;
				CLANG_WARN_BOOL_CONVERSION = YES;
				CLANG_WARN_COMMA = YES;
				CLANG_WARN_CONSTANT_CONVERSION = YES;
				CLANG_WARN_DEPRECATED_OBJC_IMPLEMENTATIONS = YES;
				CLANG_WARN_DIRECT_OBJC_ISA_USAGE = YES_ERROR;
				CLANG_WARN_DOCUMENTATION_COMMENTS = YES;
				CLANG_WARN_EMPTY_BODY = YES;
				CLANG_WARN_ENUM_CONVERSION = YES;
				CLANG_WARN_INFINITE_RECURSION = YES;
				CLANG_WARN_INT_CONVERSION = YES;
				CLANG_WARN_NON_LITERAL_NULL_CONVERSION = YES;
				CLANG_WARN_OBJC_IMPLICIT_RETAIN_SELF = YES;
				CLANG_WARN_OBJC_LITERAL_CONVERSION = YES;
				CLANG_WARN_OBJC_ROOT_CLASS = YES_ERROR;
				CLANG_WARN_QUOTED_INCLUDE_IN_FRAMEWORK_HEADER = YES;
				CLANG_WARN_RANGE_LOOP_ANALYSIS = YES;
				CLANG_WARN_STRICT_PROTOTYPES = YES;
				CLANG_WARN_SUSPICIOUS_MOVE = YES;
				CLANG_WARN_UNGUARDED_AVAILABILITY = YES_AGGRESSIVE;
				CLANG_WARN_UNREACHABLE_CODE = YES;
				CLANG_WARN__DUPLICATE_METHOD_MATCH = YES;
				COPY_PHASE_STRIP = NO;
				DEBUG_INFORMATION_FORMAT = dwarf;
				ENABLE_STRICT_OBJC_MSGSEND = YES;
				ENABLE_TESTABILITY = YES;
				GCC_C_LANGUAGE_STANDARD = gnu11;
				GCC_DYNAMIC_NO_PIC = NO;
				GCC_NO_COMMON_BLOCKS = YES;
				GCC_OPTIMIZATION_LEVEL = 0;
				GCC_PREPROCESSOR_DEFINITIONS = (
					"DEBUG=1",
					"$(inherited)",
				);
				GCC_WARN_64_TO_32_BIT_CONVERSION = YES;
				GCC_WARN_ABOUT_RETURN_TYPE = YES_ERROR;
				GCC_WARN_UNDECLARED_SELECTOR = YES;
				GCC_WARN_UNINITIALIZED_AUTOS = YES_AGGRESSIVE;
				GCC_WARN_UNUSED_FUNCTION = YES;
				GCC_WARN_UNUSED_VARIABLE = YES;
				IPHONEOS_DEPLOYMENT_TARGET = 14.5;
				MTL_ENABLE_DEBUG_INFO = INCLUDE_SOURCE;
				MTL_FAST_MATH = YES;
				ONLY_ACTIVE_ARCH = YES;
				SDKROOT = iphoneos;
				SWIFT_ACTIVE_COMPILATION_CONDITIONS = DEBUG;
				SWIFT_OPTIMIZATION_LEVEL = "-Onone";
			};
			name = Debug;
		};
		5820E4F826AD585F00386343 /* Release */ = {
			isa = XCBuildConfiguration;
			buildSettings = {
				ALWAYS_SEARCH_USER_PATHS = NO;
				CLANG_ANALYZER_NONNULL = YES;
				CLANG_ANALYZER_NUMBER_OBJECT_CONVERSION = YES_AGGRESSIVE;
				CLANG_CXX_LANGUAGE_STANDARD = "gnu++14";
				CLANG_CXX_LIBRARY = "libc++";
				CLANG_ENABLE_MODULES = YES;
				CLANG_ENABLE_OBJC_ARC = YES;
				CLANG_ENABLE_OBJC_WEAK = YES;
				CLANG_WARN_BLOCK_CAPTURE_AUTORELEASING = YES;
				CLANG_WARN_BOOL_CONVERSION = YES;
				CLANG_WARN_COMMA = YES;
				CLANG_WARN_CONSTANT_CONVERSION = YES;
				CLANG_WARN_DEPRECATED_OBJC_IMPLEMENTATIONS = YES;
				CLANG_WARN_DIRECT_OBJC_ISA_USAGE = YES_ERROR;
				CLANG_WARN_DOCUMENTATION_COMMENTS = YES;
				CLANG_WARN_EMPTY_BODY = YES;
				CLANG_WARN_ENUM_CONVERSION = YES;
				CLANG_WARN_INFINITE_RECURSION = YES;
				CLANG_WARN_INT_CONVERSION = YES;
				CLANG_WARN_NON_LITERAL_NULL_CONVERSION = YES;
				CLANG_WARN_OBJC_IMPLICIT_RETAIN_SELF = YES;
				CLANG_WARN_OBJC_LITERAL_CONVERSION = YES;
				CLANG_WARN_OBJC_ROOT_CLASS = YES_ERROR;
				CLANG_WARN_QUOTED_INCLUDE_IN_FRAMEWORK_HEADER = YES;
				CLANG_WARN_RANGE_LOOP_ANALYSIS = YES;
				CLANG_WARN_STRICT_PROTOTYPES = YES;
				CLANG_WARN_SUSPICIOUS_MOVE = YES;
				CLANG_WARN_UNGUARDED_AVAILABILITY = YES_AGGRESSIVE;
				CLANG_WARN_UNREACHABLE_CODE = YES;
				CLANG_WARN__DUPLICATE_METHOD_MATCH = YES;
				COPY_PHASE_STRIP = NO;
				DEBUG_INFORMATION_FORMAT = "dwarf-with-dsym";
				ENABLE_NS_ASSERTIONS = NO;
				ENABLE_STRICT_OBJC_MSGSEND = YES;
				GCC_C_LANGUAGE_STANDARD = gnu11;
				GCC_NO_COMMON_BLOCKS = YES;
				GCC_WARN_64_TO_32_BIT_CONVERSION = YES;
				GCC_WARN_ABOUT_RETURN_TYPE = YES_ERROR;
				GCC_WARN_UNDECLARED_SELECTOR = YES;
				GCC_WARN_UNINITIALIZED_AUTOS = YES_AGGRESSIVE;
				GCC_WARN_UNUSED_FUNCTION = YES;
				GCC_WARN_UNUSED_VARIABLE = YES;
				IPHONEOS_DEPLOYMENT_TARGET = 14.5;
				MTL_ENABLE_DEBUG_INFO = NO;
				MTL_FAST_MATH = YES;
				SDKROOT = iphoneos;
				SWIFT_COMPILATION_MODE = wholemodule;
				SWIFT_OPTIMIZATION_LEVEL = "-O";
				VALIDATE_PRODUCT = YES;
			};
			name = Release;
		};
		5820E4FA26AD585F00386343 /* Debug */ = {
			isa = XCBuildConfiguration;
			buildSettings = {
				ASSETCATALOG_COMPILER_APPICON_NAME = AppIcon;
				ASSETCATALOG_COMPILER_GLOBAL_ACCENT_COLOR_NAME = AccentColor;
				CODE_SIGN_STYLE = Automatic;
				INFOPLIST_FILE = RandomPhoto/Info.plist;
				LD_RUNPATH_SEARCH_PATHS = (
					"$(inherited)",
					"@executable_path/Frameworks",
				);
				PRODUCT_BUNDLE_IDENTIFIER = lee.RandomPhoto;
				PRODUCT_NAME = "$(TARGET_NAME)";
				SWIFT_VERSION = 5.0;
				TARGETED_DEVICE_FAMILY = "1,2";
			};
			name = Debug;
		};
		5820E4FB26AD585F00386343 /* Release */ = {
			isa = XCBuildConfiguration;
			buildSettings = {
				ASSETCATALOG_COMPILER_APPICON_NAME = AppIcon;
				ASSETCATALOG_COMPILER_GLOBAL_ACCENT_COLOR_NAME = AccentColor;
				CODE_SIGN_STYLE = Automatic;
				INFOPLIST_FILE = RandomPhoto/Info.plist;
				LD_RUNPATH_SEARCH_PATHS = (
					"$(inherited)",
					"@executable_path/Frameworks",
				);
				PRODUCT_BUNDLE_IDENTIFIER = lee.RandomPhoto;
				PRODUCT_NAME = "$(TARGET_NAME)";
				SWIFT_VERSION = 5.0;
				TARGETED_DEVICE_FAMILY = "1,2";
			};
			name = Release;
		};
		5820E4FD26AD585F00386343 /* Debug */ = {
			isa = XCBuildConfiguration;
			buildSettings = {
				ALWAYS_EMBED_SWIFT_STANDARD_LIBRARIES = YES;
				BUNDLE_LOADER = "$(TEST_HOST)";
				CODE_SIGN_STYLE = Automatic;
				INFOPLIST_FILE = RandomPhotoTests/Info.plist;
				IPHONEOS_DEPLOYMENT_TARGET = 14.5;
				LD_RUNPATH_SEARCH_PATHS = (
					"$(inherited)",
					"@executable_path/Frameworks",
					"@loader_path/Frameworks",
				);
				PRODUCT_BUNDLE_IDENTIFIER = lee.RandomPhotoTests;
				PRODUCT_NAME = "$(TARGET_NAME)";
				SWIFT_VERSION = 5.0;
				TARGETED_DEVICE_FAMILY = "1,2";
				TEST_HOST = "$(BUILT_PRODUCTS_DIR)/RandomPhoto.app/RandomPhoto";
			};
			name = Debug;
		};
		5820E4FE26AD585F00386343 /* Release */ = {
			isa = XCBuildConfiguration;
			buildSettings = {
				ALWAYS_EMBED_SWIFT_STANDARD_LIBRARIES = YES;
				BUNDLE_LOADER = "$(TEST_HOST)";
				CODE_SIGN_STYLE = Automatic;
				INFOPLIST_FILE = RandomPhotoTests/Info.plist;
				IPHONEOS_DEPLOYMENT_TARGET = 14.5;
				LD_RUNPATH_SEARCH_PATHS = (
					"$(inherited)",
					"@executable_path/Frameworks",
					"@loader_path/Frameworks",
				);
				PRODUCT_BUNDLE_IDENTIFIER = lee.RandomPhotoTests;
				PRODUCT_NAME = "$(TARGET_NAME)";
				SWIFT_VERSION = 5.0;
				TARGETED_DEVICE_FAMILY = "1,2";
				TEST_HOST = "$(BUILT_PRODUCTS_DIR)/RandomPhoto.app/RandomPhoto";
			};
			name = Release;
		};
		5820E50026AD585F00386343 /* Debug */ = {
			isa = XCBuildConfiguration;
			buildSettings = {
				ALWAYS_EMBED_SWIFT_STANDARD_LIBRARIES = YES;
				CODE_SIGN_STYLE = Automatic;
				INFOPLIST_FILE = RandomPhotoUITests/Info.plist;
				LD_RUNPATH_SEARCH_PATHS = (
					"$(inherited)",
					"@executable_path/Frameworks",
					"@loader_path/Frameworks",
				);
				PRODUCT_BUNDLE_IDENTIFIER = lee.RandomPhotoUITests;
				PRODUCT_NAME = "$(TARGET_NAME)";
				SWIFT_VERSION = 5.0;
				TARGETED_DEVICE_FAMILY = "1,2";
				TEST_TARGET_NAME = RandomPhoto;
			};
			name = Debug;
		};
		5820E50126AD585F00386343 /* Release */ = {
			isa = XCBuildConfiguration;
			buildSettings = {
				ALWAYS_EMBED_SWIFT_STANDARD_LIBRARIES = YES;
				CODE_SIGN_STYLE = Automatic;
				INFOPLIST_FILE = RandomPhotoUITests/Info.plist;
				LD_RUNPATH_SEARCH_PATHS = (
					"$(inherited)",
					"@executable_path/Frameworks",
					"@loader_path/Frameworks",
				);
				PRODUCT_BUNDLE_IDENTIFIER = lee.RandomPhotoUITests;
				PRODUCT_NAME = "$(TARGET_NAME)";
				SWIFT_VERSION = 5.0;
				TARGETED_DEVICE_FAMILY = "1,2";
				TEST_TARGET_NAME = RandomPhoto;
			};
			name = Release;
		};
/* End XCBuildConfiguration section */

/* Begin XCConfigurationList section */
		5820E4CA26AD585E00386343 /* Build configuration list for PBXProject "RandomPhoto" */ = {
			isa = XCConfigurationList;
			buildConfigurations = (
				5820E4F726AD585F00386343 /* Debug */,
				5820E4F826AD585F00386343 /* Release */,
			);
			defaultConfigurationIsVisible = 0;
			defaultConfigurationName = Release;
		};
		5820E4F926AD585F00386343 /* Build configuration list for PBXNativeTarget "RandomPhoto" */ = {
			isa = XCConfigurationList;
			buildConfigurations = (
				5820E4FA26AD585F00386343 /* Debug */,
				5820E4FB26AD585F00386343 /* Release */,
			);
			defaultConfigurationIsVisible = 0;
			defaultConfigurationName = Release;
		};
		5820E4FC26AD585F00386343 /* Build configuration list for PBXNativeTarget "RandomPhotoTests" */ = {
			isa = XCConfigurationList;
			buildConfigurations = (
				5820E4FD26AD585F00386343 /* Debug */,
				5820E4FE26AD585F00386343 /* Release */,
			);
			defaultConfigurationIsVisible = 0;
			defaultConfigurationName = Release;
		};
		5820E4FF26AD585F00386343 /* Build configuration list for PBXNativeTarget "RandomPhotoUITests" */ = {
			isa = XCConfigurationList;
			buildConfigurations = (
				5820E50026AD585F00386343 /* Debug */,
				5820E50126AD585F00386343 /* Release */,
			);
			defaultConfigurationIsVisible = 0;
			defaultConfigurationName = Release;
		};
/* End XCConfigurationList section */
	};
	rootObject = 5820E4C726AD585E00386343 /* Project object */;
}
